
Microsoft Visual Studio Solution File, Format Version 12.00
# Visual Studio Version 17
VisualStudioVersion = 17.7.34018.315
MinimumVisualStudioVersion = 10.0.40219.1
Project("{FAE04EC0-301F-11D3-BF4B-00C04F79EFBC}") = "StructToClass", "StructToClass.csproj", "{F1DA2D16-0C45-4788-BD1E-10A984946414}"
EndProject
Global
	GlobalSection(SolutionConfigurationPlatforms) = preSolution
		Debug|Any CPU = Debug|Any CPU
		Release|Any CPU = Release|Any CPU
	EndGlobalSection
	GlobalSection(ProjectConfigurationPlatforms) = postSolution
		{F1DA2D16-0C45-4788-BD1E-10A984946414}.Debug|Any CPU.ActiveCfg = Debug|Any CPU
		{F1DA2D16-0C45-4788-BD1E-10A984946414}.Debug|Any CPU.Build.0 = Debug|Any CPU
		{F1DA2D16-0C45-4788-BD1E-10A984946414}.Release|Any CPU.ActiveCfg = Release|Any CPU
		{F1DA2D16-0C45-4788-BD1E-10A984946414}.Release|Any CPU.Build.0 = Release|Any CPU
	EndGlobalSection
	GlobalSection(SolutionProperties) = preSolution
		HideSolutionNode = FALSE
	EndGlobalSection
	GlobalSection(ExtensibilityGlobals) = postSolution
		SolutionGuid = {0ECB72E5-23FB-467A-BCDE-2A0F78C441E3}
	EndGlobalSection
EndGlobal
