
Microsoft Visual Studio Solution File, Format Version 12.00
# Visual Studio Version 17
VisualStudioVersion = 17.7.34221.43
MinimumVisualStudioVersion = 10.0.40219.1
Project("{FAE04EC0-301F-11D3-BF4B-00C04F79EFBC}") = "Question2", "Question2.csproj", "{22843D03-142D-492C-9476-8CD6EC80E7B7}"
EndProject
Global
	GlobalSection(SolutionConfigurationPlatforms) = preSolution
		Debug|Any CPU = Debug|Any CPU
		Release|Any CPU = Release|Any CPU
	EndGlobalSection
	GlobalSection(ProjectConfigurationPlatforms) = postSolution
		{22843D03-142D-492C-9476-8CD6EC80E7B7}.Debug|Any CPU.ActiveCfg = Debug|Any CPU
		{22843D03-142D-492C-9476-8CD6EC80E7B7}.Debug|Any CPU.Build.0 = Debug|Any CPU
		{22843D03-142D-492C-9476-8CD6EC80E7B7}.Release|Any CPU.ActiveCfg = Release|Any CPU
		{22843D03-142D-492C-9476-8CD6EC80E7B7}.Release|Any CPU.Build.0 = Release|Any CPU
	EndGlobalSection
	GlobalSection(SolutionProperties) = preSolution
		HideSolutionNode = FALSE
	EndGlobalSection
	GlobalSection(ExtensibilityGlobals) = postSolution
		SolutionGuid = {EE0366E5-CE81-4319-8FCB-016910EC8234}
	EndGlobalSection
EndGlobal
