
Microsoft Visual Studio Solution File, Format Version 12.00
# Visual Studio Version 17
VisualStudioVersion = 17.7.34221.43
MinimumVisualStudioVersion = 10.0.40219.1
Project("{FAE04EC0-301F-11D3-BF4B-00C04F79EFBC}") = "Question3", "Question3.csproj", "{6E94FC20-8529-4882-BCCF-98CD27210079}"
EndProject
Global
	GlobalSection(SolutionConfigurationPlatforms) = preSolution
		Debug|Any CPU = Debug|Any CPU
		Release|Any CPU = Release|Any CPU
	EndGlobalSection
	GlobalSection(ProjectConfigurationPlatforms) = postSolution
		{6E94FC20-8529-4882-BCCF-98CD27210079}.Debug|Any CPU.ActiveCfg = Debug|Any CPU
		{6E94FC20-8529-4882-BCCF-98CD27210079}.Debug|Any CPU.Build.0 = Debug|Any CPU
		{6E94FC20-8529-4882-BCCF-98CD27210079}.Release|Any CPU.ActiveCfg = Release|Any CPU
		{6E94FC20-8529-4882-BCCF-98CD27210079}.Release|Any CPU.Build.0 = Release|Any CPU
	EndGlobalSection
	GlobalSection(SolutionProperties) = preSolution
		HideSolutionNode = FALSE
	EndGlobalSection
	GlobalSection(ExtensibilityGlobals) = postSolution
		SolutionGuid = {79349FCC-DA1D-423D-857B-07FF7D3D3E39}
	EndGlobalSection
EndGlobal
